
Microsoft Visual Studio Solution File, Format Version 12.00
# Visual Studio 15
VisualStudioVersion = 15.0.28307.1082
MinimumVisualStudioVersion = 10.0.40219.1
Project("{8BC9CEB8-8B4A-11D0-8D11-00A0C91BC942}") = "ControlStructures", "ControlStructures\ControlStructures.vcxproj", "{82CE8444-A334-4542-A3E8-E78DBB89D5EF}"
EndProject
Project("{8BC9CEB8-8B4A-11D0-8D11-00A0C91BC942}") = "Calc", "Calc\Calc.vcxproj", "{C76DFA0C-9F53-43E9-B922-24CF6A2682CA}"
EndProject
Project("{8BC9CEB8-8B4A-11D0-8D11-00A0C91BC942}") = "Loops", "Loops\Loops.vcxproj", "{302F8320-B206-446D-944C-73ED5467306B}"
EndProject
Project("{8BC9CEB8-8B4A-11D0-8D11-00A0C91BC942}") = "Palindrome", "Palindrome\Palindrome.vcxproj", "{1A9D3FC5-1B11-406D-89D7-773D4C0ED6E1}"
EndProject
Project("{8BC9CEB8-8B4A-11D0-8D11-00A0C91BC942}") = "ForLoop", "ForLoop\ForLoop.vcxproj", "{8B6386FA-82EB-40B2-9CB8-245F52CB3A44}"
EndProject
Project("{8BC9CEB8-8B4A-11D0-8D11-00A0C91BC942}") = "HomeWork", "HomeWork\HomeWork.vcxproj", "{B0332686-3B26-4903-AA90-55876465BC76}"
EndProject
Project("{8BC9CEB8-8B4A-11D0-8D11-00A0C91BC942}") = "Power", "Power\Power.vcxproj", "{EAC43B3F-5BBB-4BFC-AE5D-49C05B19CB40}"
EndProject
Project("{8BC9CEB8-8B4A-11D0-8D11-00A0C91BC942}") = "NestedFor", "NestedFor\NestedFor.vcxproj", "{78827A22-B324-4CB1-A10C-7B36C4DD536E}"
EndProject
Project("{8BC9CEB8-8B4A-11D0-8D11-00A0C91BC942}") = "Geometria", "Geometria\Geometria.vcxproj", "{A459368F-0DA2-42A1-A1B9-FFAB09F85284}"
EndProject
Project("{8BC9CEB8-8B4A-11D0-8D11-00A0C91BC942}") = "Chess", "Chess\Chess.vcxproj", "{E0D0F5D2-CB7A-46FB-A994-F7D74BD2A311}"
EndProject
Project("{8BC9CEB8-8B4A-11D0-8D11-00A0C91BC942}") = "HardChess", "HardChess\HardChess.vcxproj", "{5BC6F0E0-A85D-480B-AB54-C5A6F173BA9F}"
EndProject
Global
	GlobalSection(SolutionConfigurationPlatforms) = preSolution
		Debug|x64 = Debug|x64
		Debug|x86 = Debug|x86
		Release|x64 = Release|x64
		Release|x86 = Release|x86
	EndGlobalSection
	GlobalSection(ProjectConfigurationPlatforms) = postSolution
		{82CE8444-A334-4542-A3E8-E78DBB89D5EF}.Debug|x64.ActiveCfg = Debug|x64
		{82CE8444-A334-4542-A3E8-E78DBB89D5EF}.Debug|x64.Build.0 = Debug|x64
		{82CE8444-A334-4542-A3E8-E78DBB89D5EF}.Debug|x86.ActiveCfg = Debug|Win32
		{82CE8444-A334-4542-A3E8-E78DBB89D5EF}.Debug|x86.Build.0 = Debug|Win32
		{82CE8444-A334-4542-A3E8-E78DBB89D5EF}.Release|x64.ActiveCfg = Release|x64
		{82CE8444-A334-4542-A3E8-E78DBB89D5EF}.Release|x64.Build.0 = Release|x64
		{82CE8444-A334-4542-A3E8-E78DBB89D5EF}.Release|x86.ActiveCfg = Release|Win32
		{82CE8444-A334-4542-A3E8-E78DBB89D5EF}.Release|x86.Build.0 = Release|Win32
		{C76DFA0C-9F53-43E9-B922-24CF6A2682CA}.Debug|x64.ActiveCfg = Debug|x64
		{C76DFA0C-9F53-43E9-B922-24CF6A2682CA}.Debug|x64.Build.0 = Debug|x64
		{C76DFA0C-9F53-43E9-B922-24CF6A2682CA}.Debug|x86.ActiveCfg = Debug|Win32
		{C76DFA0C-9F53-43E9-B922-24CF6A2682CA}.Debug|x86.Build.0 = Debug|Win32
		{C76DFA0C-9F53-43E9-B922-24CF6A2682CA}.Release|x64.ActiveCfg = Release|x64
		{C76DFA0C-9F53-43E9-B922-24CF6A2682CA}.Release|x64.Build.0 = Release|x64
		{C76DFA0C-9F53-43E9-B922-24CF6A2682CA}.Release|x86.ActiveCfg = Release|Win32
		{C76DFA0C-9F53-43E9-B922-24CF6A2682CA}.Release|x86.Build.0 = Release|Win32
		{302F8320-B206-446D-944C-73ED5467306B}.Debug|x64.ActiveCfg = Debug|x64
		{302F8320-B206-446D-944C-73ED5467306B}.Debug|x64.Build.0 = Debug|x64
		{302F8320-B206-446D-944C-73ED5467306B}.Debug|x86.ActiveCfg = Debug|Win32
		{302F8320-B206-446D-944C-73ED5467306B}.Debug|x86.Build.0 = Debug|Win32
		{302F8320-B206-446D-944C-73ED5467306B}.Release|x64.ActiveCfg = Release|x64
		{302F8320-B206-446D-944C-73ED5467306B}.Release|x64.Build.0 = Release|x64
		{302F8320-B206-446D-944C-73ED5467306B}.Release|x86.ActiveCfg = Release|Win32
		{302F8320-B206-446D-944C-73ED5467306B}.Release|x86.Build.0 = Release|Win32
		{1A9D3FC5-1B11-406D-89D7-773D4C0ED6E1}.Debug|x64.ActiveCfg = Debug|x64
		{1A9D3FC5-1B11-406D-89D7-773D4C0ED6E1}.Debug|x64.Build.0 = Debug|x64
		{1A9D3FC5-1B11-406D-89D7-773D4C0ED6E1}.Debug|x86.ActiveCfg = Debug|Win32
		{1A9D3FC5-1B11-406D-89D7-773D4C0ED6E1}.Debug|x86.Build.0 = Debug|Win32
		{1A9D3FC5-1B11-406D-89D7-773D4C0ED6E1}.Release|x64.ActiveCfg = Release|x64
		{1A9D3FC5-1B11-406D-89D7-773D4C0ED6E1}.Release|x64.Build.0 = Release|x64
		{1A9D3FC5-1B11-406D-89D7-773D4C0ED6E1}.Release|x86.ActiveCfg = Release|Win32
		{1A9D3FC5-1B11-406D-89D7-773D4C0ED6E1}.Release|x86.Build.0 = Release|Win32
		{8B6386FA-82EB-40B2-9CB8-245F52CB3A44}.Debug|x64.ActiveCfg = Debug|x64
		{8B6386FA-82EB-40B2-9CB8-245F52CB3A44}.Debug|x64.Build.0 = Debug|x64
		{8B6386FA-82EB-40B2-9CB8-245F52CB3A44}.Debug|x86.ActiveCfg = Debug|Win32
		{8B6386FA-82EB-40B2-9CB8-245F52CB3A44}.Debug|x86.Build.0 = Debug|Win32
		{8B6386FA-82EB-40B2-9CB8-245F52CB3A44}.Release|x64.ActiveCfg = Release|x64
		{8B6386FA-82EB-40B2-9CB8-245F52CB3A44}.Release|x64.Build.0 = Release|x64
		{8B6386FA-82EB-40B2-9CB8-245F52CB3A44}.Release|x86.ActiveCfg = Release|Win32
		{8B6386FA-82EB-40B2-9CB8-245F52CB3A44}.Release|x86.Build.0 = Release|Win32
		{B0332686-3B26-4903-AA90-55876465BC76}.Debug|x64.ActiveCfg = Debug|x64
		{B0332686-3B26-4903-AA90-55876465BC76}.Debug|x64.Build.0 = Debug|x64
		{B0332686-3B26-4903-AA90-55876465BC76}.Debug|x86.ActiveCfg = Debug|Win32
		{B0332686-3B26-4903-AA90-55876465BC76}.Debug|x86.Build.0 = Debug|Win32
		{B0332686-3B26-4903-AA90-55876465BC76}.Release|x64.ActiveCfg = Release|x64
		{B0332686-3B26-4903-AA90-55876465BC76}.Release|x64.Build.0 = Release|x64
		{B0332686-3B26-4903-AA90-55876465BC76}.Release|x86.ActiveCfg = Release|Win32
		{B0332686-3B26-4903-AA90-55876465BC76}.Release|x86.Build.0 = Release|Win32
		{EAC43B3F-5BBB-4BFC-AE5D-49C05B19CB40}.Debug|x64.ActiveCfg = Debug|x64
		{EAC43B3F-5BBB-4BFC-AE5D-49C05B19CB40}.Debug|x64.Build.0 = Debug|x64
		{EAC43B3F-5BBB-4BFC-AE5D-49C05B19CB40}.Debug|x86.ActiveCfg = Debug|Win32
		{EAC43B3F-5BBB-4BFC-AE5D-49C05B19CB40}.Debug|x86.Build.0 = Debug|Win32
		{EAC43B3F-5BBB-4BFC-AE5D-49C05B19CB40}.Release|x64.ActiveCfg = Release|x64
		{EAC43B3F-5BBB-4BFC-AE5D-49C05B19CB40}.Release|x64.Build.0 = Release|x64
		{EAC43B3F-5BBB-4BFC-AE5D-49C05B19CB40}.Release|x86.ActiveCfg = Release|Win32
		{EAC43B3F-5BBB-4BFC-AE5D-49C05B19CB40}.Release|x86.Build.0 = Release|Win32
		{78827A22-B324-4CB1-A10C-7B36C4DD536E}.Debug|x64.ActiveCfg = Debug|x64
		{78827A22-B324-4CB1-A10C-7B36C4DD536E}.Debug|x64.Build.0 = Debug|x64
		{78827A22-B324-4CB1-A10C-7B36C4DD536E}.Debug|x86.ActiveCfg = Debug|Win32
		{78827A22-B324-4CB1-A10C-7B36C4DD536E}.Debug|x86.Build.0 = Debug|Win32
		{78827A22-B324-4CB1-A10C-7B36C4DD536E}.Release|x64.ActiveCfg = Release|x64
		{78827A22-B324-4CB1-A10C-7B36C4DD536E}.Release|x64.Build.0 = Release|x64
		{78827A22-B324-4CB1-A10C-7B36C4DD536E}.Release|x86.ActiveCfg = Release|Win32
		{78827A22-B324-4CB1-A10C-7B36C4DD536E}.Release|x86.Build.0 = Release|Win32
		{A459368F-0DA2-42A1-A1B9-FFAB09F85284}.Debug|x64.ActiveCfg = Debug|x64
		{A459368F-0DA2-42A1-A1B9-FFAB09F85284}.Debug|x64.Build.0 = Debug|x64
		{A459368F-0DA2-42A1-A1B9-FFAB09F85284}.Debug|x86.ActiveCfg = Debug|Win32
		{A459368F-0DA2-42A1-A1B9-FFAB09F85284}.Debug|x86.Build.0 = Debug|Win32
		{A459368F-0DA2-42A1-A1B9-FFAB09F85284}.Release|x64.ActiveCfg = Release|x64
		{A459368F-0DA2-42A1-A1B9-FFAB09F85284}.Release|x64.Build.0 = Release|x64
		{A459368F-0DA2-42A1-A1B9-FFAB09F85284}.Release|x86.ActiveCfg = Release|Win32
		{A459368F-0DA2-42A1-A1B9-FFAB09F85284}.Release|x86.Build.0 = Release|Win32
		{E0D0F5D2-CB7A-46FB-A994-F7D74BD2A311}.Debug|x64.ActiveCfg = Debug|x64
		{E0D0F5D2-CB7A-46FB-A994-F7D74BD2A311}.Debug|x64.Build.0 = Debug|x64
		{E0D0F5D2-CB7A-46FB-A994-F7D74BD2A311}.Debug|x86.ActiveCfg = Debug|Win32
		{E0D0F5D2-CB7A-46FB-A994-F7D74BD2A311}.Debug|x86.Build.0 = Debug|Win32
		{E0D0F5D2-CB7A-46FB-A994-F7D74BD2A311}.Release|x64.ActiveCfg = Release|x64
		{E0D0F5D2-CB7A-46FB-A994-F7D74BD2A311}.Release|x64.Build.0 = Release|x64
		{E0D0F5D2-CB7A-46FB-A994-F7D74BD2A311}.Release|x86.ActiveCfg = Release|Win32
		{E0D0F5D2-CB7A-46FB-A994-F7D74BD2A311}.Release|x86.Build.0 = Release|Win32
		{5BC6F0E0-A85D-480B-AB54-C5A6F173BA9F}.Debug|x64.ActiveCfg = Debug|x64
		{5BC6F0E0-A85D-480B-AB54-C5A6F173BA9F}.Debug|x64.Build.0 = Debug|x64
		{5BC6F0E0-A85D-480B-AB54-C5A6F173BA9F}.Debug|x86.ActiveCfg = Debug|Win32
		{5BC6F0E0-A85D-480B-AB54-C5A6F173BA9F}.Debug|x86.Build.0 = Debug|Win32
		{5BC6F0E0-A85D-480B-AB54-C5A6F173BA9F}.Release|x64.ActiveCfg = Release|x64
		{5BC6F0E0-A85D-480B-AB54-C5A6F173BA9F}.Release|x64.Build.0 = Release|x64
		{5BC6F0E0-A85D-480B-AB54-C5A6F173BA9F}.Release|x86.ActiveCfg = Release|Win32
		{5BC6F0E0-A85D-480B-AB54-C5A6F173BA9F}.Release|x86.Build.0 = Release|Win32
	EndGlobalSection
	GlobalSection(SolutionProperties) = preSolution
		HideSolutionNode = FALSE
	EndGlobalSection
	GlobalSection(ExtensibilityGlobals) = postSolution
		SolutionGuid = {13B0C249-1224-4F33-B69D-5B2EB42D056B}
	EndGlobalSection
EndGlobal
